
Microsoft Visual Studio Solution File, Format Version 12.00
# Visual Studio Version 17
VisualStudioVersion = 17.13.35931.197 d17.13
MinimumVisualStudioVersion = 10.0.40219.1
Project("{FAE04EC0-301F-11D3-BF4B-00C04F79EFBC}") = "TestClass", "TestClass\TestClass.csproj", "{7C59C725-05DA-4573-9583-B444B51F943B}"
EndProject
Global
	GlobalSection(SolutionConfigurationPlatforms) = preSolution
		Debug|Any CPU = Debug|Any CPU
		Release|Any CPU = Release|Any CPU
	EndGlobalSection
	GlobalSection(ProjectConfigurationPlatforms) = postSolution
		{7C59C725-05DA-4573-9583-B444B51F943B}.Debug|Any CPU.ActiveCfg = Debug|Any CPU
		{7C59C725-05DA-4573-9583-B444B51F943B}.Debug|Any CPU.Build.0 = Debug|Any CPU
		{7C59C725-05DA-4573-9583-B444B51F943B}.Release|Any CPU.ActiveCfg = Release|Any CPU
		{7C59C725-05DA-4573-9583-B444B51F943B}.Release|Any CPU.Build.0 = Release|Any CPU
	EndGlobalSection
	GlobalSection(SolutionProperties) = preSolution
		HideSolutionNode = FALSE
	EndGlobalSection
	GlobalSection(ExtensibilityGlobals) = postSolution
		SolutionGuid = {D5ECB7EF-4A71-43F5-969D-416F770E18F6}
	EndGlobalSection
EndGlobal
